
Microsoft Visual Studio Solution File, Format Version 12.00
# Visual Studio Version 17
VisualStudioVersion = 17.0.31612.314
MinimumVisualStudioVersion = 10.0.40219.1
Project("{9A19103F-16F7-4668-BE54-9A1E7A4F7556}") = "LukeText For Desktop", "LukeText For Desktop\LukeText For Desktop.csproj", "{B3E7667E-A10F-41B0-9715-769CFCF2A378}"
EndProject
Project("{840C416C-B8F3-42BC-B0DD-F6BB14C9F8CB}") = "LukeText Setup", "LukeText Setup\LukeText Setup.aiproj", "{4855D0E4-89EB-4D68-8F43-C0D2AD3549DF}"
EndProject
Global
	GlobalSection(SolutionConfigurationPlatforms) = preSolution
		All|Any CPU = All|Any CPU
		Debug|Any CPU = Debug|Any CPU
		Release|Any CPU = Release|Any CPU
	EndGlobalSection
	GlobalSection(ProjectConfigurationPlatforms) = postSolution
		{B3E7667E-A10F-41B0-9715-769CFCF2A378}.All|Any CPU.ActiveCfg = Release|Any CPU
		{B3E7667E-A10F-41B0-9715-769CFCF2A378}.All|Any CPU.Build.0 = Release|Any CPU
		{B3E7667E-A10F-41B0-9715-769CFCF2A378}.Debug|Any CPU.ActiveCfg = Debug|Any CPU
		{B3E7667E-A10F-41B0-9715-769CFCF2A378}.Debug|Any CPU.Build.0 = Debug|Any CPU
		{B3E7667E-A10F-41B0-9715-769CFCF2A378}.Release|Any CPU.ActiveCfg = Release|Any CPU
		{B3E7667E-A10F-41B0-9715-769CFCF2A378}.Release|Any CPU.Build.0 = Release|Any CPU
		{4855D0E4-89EB-4D68-8F43-C0D2AD3549DF}.All|Any CPU.ActiveCfg = DefaultBuild
		{4855D0E4-89EB-4D68-8F43-C0D2AD3549DF}.Debug|Any CPU.ActiveCfg = DefaultBuild
		{4855D0E4-89EB-4D68-8F43-C0D2AD3549DF}.Release|Any CPU.ActiveCfg = DefaultBuild
	EndGlobalSection
	GlobalSection(SolutionProperties) = preSolution
		HideSolutionNode = FALSE
	EndGlobalSection
	GlobalSection(ExtensibilityGlobals) = postSolution
		SolutionGuid = {DA43AB7B-BF20-419F-BFA8-0310F6FD463B}
	EndGlobalSection
EndGlobal
